// !$*UTF8*$!
{
	archiveVersion = 1;
	classes = {
	};
	objectVersion = 50;
	objects = {

/* Begin PBXBuildFile section */
		1280F049C7DC9AC9CF89C718 /* libPods-StackOverflowAppTests.a in Frameworks */ = {isa = PBXBuildFile; fileRef = 6A952CE6E0D20484A87C28B5 /* libPods-StackOverflowAppTests.a */; };
		88F2CEEC5BF2998D8F878F92 /* libPods-StackOverflowApp.a in Frameworks */ = {isa = PBXBuildFile; fileRef = 0FE2B138A70B17F44F191D55 /* libPods-StackOverflowApp.a */; };
		A08EF28322528886001E64F8 /* SOUser.m in Sources */ = {isa = PBXBuildFile; fileRef = A08EF28222528886001E64F8 /* SOUser.m */; };
		A08EF2862252932B001E64F8 /* SOUsersTableViewController.m in Sources */ = {isa = PBXBuildFile; fileRef = A08EF2852252932B001E64F8 /* SOUsersTableViewController.m */; };
		A08EF28A22529382001E64F8 /* SOUserTableViewCell.m in Sources */ = {isa = PBXBuildFile; fileRef = A08EF28822529382001E64F8 /* SOUserTableViewCell.m */; };
		A08EF28B22529382001E64F8 /* SOUserTableViewCell.xib in Resources */ = {isa = PBXBuildFile; fileRef = A08EF28922529382001E64F8 /* SOUserTableViewCell.xib */; };
		A08EF2992252A364001E64F8 /* SOAddUserViewController.m in Sources */ = {isa = PBXBuildFile; fileRef = A08EF2982252A364001E64F8 /* SOAddUserViewController.m */; };
		A08EF2AB2252AA7B001E64F8 /* SOEditableFieldTableViewCell.m in Sources */ = {isa = PBXBuildFile; fileRef = A08EF2A92252AA7B001E64F8 /* SOEditableFieldTableViewCell.m */; };
		A08EF2AC2252AA7B001E64F8 /* SOEditableFieldTableViewCell.xib in Resources */ = {isa = PBXBuildFile; fileRef = A08EF2AA2252AA7B001E64F8 /* SOEditableFieldTableViewCell.xib */; };
		A08EF2B22252AE0A001E64F8 /* SOEditableField.m in Sources */ = {isa = PBXBuildFile; fileRef = A08EF2B12252AE0A001E64F8 /* SOEditableField.m */; };
		A08EF2B922531577001E64F8 /* UIButton+Animations.m in Sources */ = {isa = PBXBuildFile; fileRef = A08EF2B822531577001E64F8 /* UIButton+Animations.m */; };
		A08EF2BC22531A3E001E64F8 /* Readme.md in Resources */ = {isa = PBXBuildFile; fileRef = A08EF2BB22531A3E001E64F8 /* Readme.md */; };
		A0CED6E82251AF650012B31C /* AppDelegate.m in Sources */ = {isa = PBXBuildFile; fileRef = A0CED6E72251AF650012B31C /* AppDelegate.m */; };
		A0CED6EE2251AF650012B31C /* Main.storyboard in Resources */ = {isa = PBXBuildFile; fileRef = A0CED6EC2251AF650012B31C /* Main.storyboard */; };
		A0CED6F02251AF690012B31C /* Assets.xcassets in Resources */ = {isa = PBXBuildFile; fileRef = A0CED6EF2251AF690012B31C /* Assets.xcassets */; };
		A0CED6F32251AF690012B31C /* LaunchScreen.storyboard in Resources */ = {isa = PBXBuildFile; fileRef = A0CED6F12251AF690012B31C /* LaunchScreen.storyboard */; };
		A0CED6F62251AF690012B31C /* main.m in Sources */ = {isa = PBXBuildFile; fileRef = A0CED6F52251AF690012B31C /* main.m */; };
		A0CED7002251AF6A0012B31C /* StackOverflowAppTests.m in Sources */ = {isa = PBXBuildFile; fileRef = A0CED6FF2251AF6A0012B31C /* StackOverflowAppTests.m */; };
		A0CED70C2251AFA90012B31C /* SOAPI.m in Sources */ = {isa = PBXBuildFile; fileRef = A0CED70B2251AFA90012B31C /* SOAPI.m */; };
/* End PBXBuildFile section */

/* Begin PBXContainerItemProxy section */
		A0CED6FC2251AF6A0012B31C /* PBXContainerItemProxy */ = {
			isa = PBXContainerItemProxy;
			containerPortal = A0CED6DB2251AF650012B31C /* Project object */;
			proxyType = 1;
			remoteGlobalIDString = A0CED6E22251AF650012B31C;
			remoteInfo = StackOverflowApp;
		};
/* End PBXContainerItemProxy section */

/* Begin PBXFileReference section */
		0FE2B138A70B17F44F191D55 /* libPods-StackOverflowApp.a */ = {isa = PBXFileReference; explicitFileType = archive.ar; includeInIndex = 0; path = "libPods-StackOverflowApp.a"; sourceTree = BUILT_PRODUCTS_DIR; };
		2F5347656A2B4E82D04069B9 /* Pods-StackOverflowAppTests.debug.xcconfig */ = {isa = PBXFileReference; includeInIndex = 1; lastKnownFileType = text.xcconfig; name = "Pods-StackOverflowAppTests.debug.xcconfig"; path = "Pods/Target Support Files/Pods-StackOverflowAppTests/Pods-StackOverflowAppTests.debug.xcconfig"; sourceTree = "<group>"; };
		3B500AE1AFEECF78221257B1 /* Pods-StackOverflowAppTests.release.xcconfig */ = {isa = PBXFileReference; includeInIndex = 1; lastKnownFileType = text.xcconfig; name = "Pods-StackOverflowAppTests.release.xcconfig"; path = "Pods/Target Support Files/Pods-StackOverflowAppTests/Pods-StackOverflowAppTests.release.xcconfig"; sourceTree = "<group>"; };
		60429D6A95C4A6EEC9DA391D /* Pods-StackOverflowApp.debug.xcconfig */ = {isa = PBXFileReference; includeInIndex = 1; lastKnownFileType = text.xcconfig; name = "Pods-StackOverflowApp.debug.xcconfig"; path = "Pods/Target Support Files/Pods-StackOverflowApp/Pods-StackOverflowApp.debug.xcconfig"; sourceTree = "<group>"; };
		6A952CE6E0D20484A87C28B5 /* libPods-StackOverflowAppTests.a */ = {isa = PBXFileReference; explicitFileType = archive.ar; includeInIndex = 0; path = "libPods-StackOverflowAppTests.a"; sourceTree = BUILT_PRODUCTS_DIR; };
		9E4729398681768D12A96E52 /* Pods-StackOverflowApp.release.xcconfig */ = {isa = PBXFileReference; includeInIndex = 1; lastKnownFileType = text.xcconfig; name = "Pods-StackOverflowApp.release.xcconfig"; path = "Pods/Target Support Files/Pods-StackOverflowApp/Pods-StackOverflowApp.release.xcconfig"; sourceTree = "<group>"; };
		A08EF28122528886001E64F8 /* SOUser.h */ = {isa = PBXFileReference; lastKnownFileType = sourcecode.c.h; path = SOUser.h; sourceTree = "<group>"; };
		A08EF28222528886001E64F8 /* SOUser.m */ = {isa = PBXFileReference; lastKnownFileType = sourcecode.c.objc; path = SOUser.m; sourceTree = "<group>"; };
		A08EF2842252932B001E64F8 /* SOUsersTableViewController.h */ = {isa = PBXFileReference; lastKnownFileType = sourcecode.c.h; path = SOUsersTableViewController.h; sourceTree = "<group>"; };
		A08EF2852252932B001E64F8 /* SOUsersTableViewController.m */ = {isa = PBXFileReference; lastKnownFileType = sourcecode.c.objc; path = SOUsersTableViewController.m; sourceTree = "<group>"; };
		A08EF28722529382001E64F8 /* SOUserTableViewCell.h */ = {isa = PBXFileReference; lastKnownFileType = sourcecode.c.h; path = SOUserTableViewCell.h; sourceTree = "<group>"; };
		A08EF28822529382001E64F8 /* SOUserTableViewCell.m */ = {isa = PBXFileReference; lastKnownFileType = sourcecode.c.objc; path = SOUserTableViewCell.m; sourceTree = "<group>"; };
		A08EF28922529382001E64F8 /* SOUserTableViewCell.xib */ = {isa = PBXFileReference; lastKnownFileType = file.xib; path = SOUserTableViewCell.xib; sourceTree = "<group>"; };
		A08EF2972252A364001E64F8 /* SOAddUserViewController.h */ = {isa = PBXFileReference; lastKnownFileType = sourcecode.c.h; path = SOAddUserViewController.h; sourceTree = "<group>"; };
		A08EF2982252A364001E64F8 /* SOAddUserViewController.m */ = {isa = PBXFileReference; lastKnownFileType = sourcecode.c.objc; path = SOAddUserViewController.m; sourceTree = "<group>"; };
		A08EF2A82252AA7B001E64F8 /* SOEditableFieldTableViewCell.h */ = {isa = PBXFileReference; lastKnownFileType = sourcecode.c.h; path = SOEditableFieldTableViewCell.h; sourceTree = "<group>"; };
		A08EF2A92252AA7B001E64F8 /* SOEditableFieldTableViewCell.m */ = {isa = PBXFileReference; lastKnownFileType = sourcecode.c.objc; path = SOEditableFieldTableViewCell.m; sourceTree = "<group>"; };
		A08EF2AA2252AA7B001E64F8 /* SOEditableFieldTableViewCell.xib */ = {isa = PBXFileReference; lastKnownFileType = file.xib; path = SOEditableFieldTableViewCell.xib; sourceTree = "<group>"; };
		A08EF2B02252AE0A001E64F8 /* SOEditableField.h */ = {isa = PBXFileReference; lastKnownFileType = sourcecode.c.h; path = SOEditableField.h; sourceTree = "<group>"; };
		A08EF2B12252AE0A001E64F8 /* SOEditableField.m */ = {isa = PBXFileReference; lastKnownFileType = sourcecode.c.objc; path = SOEditableField.m; sourceTree = "<group>"; };
		A08EF2B722531577001E64F8 /* UIButton+Animations.h */ = {isa = PBXFileReference; lastKnownFileType = sourcecode.c.h; path = "UIButton+Animations.h"; sourceTree = "<group>"; };
		A08EF2B822531577001E64F8 /* UIButton+Animations.m */ = {isa = PBXFileReference; lastKnownFileType = sourcecode.c.objc; path = "UIButton+Animations.m"; sourceTree = "<group>"; };
		A08EF2BB22531A3E001E64F8 /* Readme.md */ = {isa = PBXFileReference; lastKnownFileType = net.daringfireball.markdown; path = Readme.md; sourceTree = "<group>"; };
		A0CED6E32251AF650012B31C /* StackOverflowApp.app */ = {isa = PBXFileReference; explicitFileType = wrapper.application; includeInIndex = 0; path = StackOverflowApp.app; sourceTree = BUILT_PRODUCTS_DIR; };
		A0CED6E62251AF650012B31C /* AppDelegate.h */ = {isa = PBXFileReference; lastKnownFileType = sourcecode.c.h; path = AppDelegate.h; sourceTree = "<group>"; };
		A0CED6E72251AF650012B31C /* AppDelegate.m */ = {isa = PBXFileReference; lastKnownFileType = sourcecode.c.objc; path = AppDelegate.m; sourceTree = "<group>"; };
		A0CED6ED2251AF650012B31C /* Base */ = {isa = PBXFileReference; lastKnownFileType = file.storyboard; name = Base; path = Base.lproj/Main.storyboard; sourceTree = "<group>"; };
		A0CED6EF2251AF690012B31C /* Assets.xcassets */ = {isa = PBXFileReference; lastKnownFileType = folder.assetcatalog; path = Assets.xcassets; sourceTree = "<group>"; };
		A0CED6F22251AF690012B31C /* Base */ = {isa = PBXFileReference; lastKnownFileType = file.storyboard; name = Base; path = Base.lproj/LaunchScreen.storyboard; sourceTree = "<group>"; };
		A0CED6F42251AF690012B31C /* Info.plist */ = {isa = PBXFileReference; lastKnownFileType = text.plist.xml; path = Info.plist; sourceTree = "<group>"; };
		A0CED6F52251AF690012B31C /* main.m */ = {isa = PBXFileReference; lastKnownFileType = sourcecode.c.objc; path = main.m; sourceTree = "<group>"; };
		A0CED6FB2251AF6A0012B31C /* StackOverflowAppTests.xctest */ = {isa = PBXFileReference; explicitFileType = wrapper.cfbundle; includeInIndex = 0; path = StackOverflowAppTests.xctest; sourceTree = BUILT_PRODUCTS_DIR; };
		A0CED6FF2251AF6A0012B31C /* StackOverflowAppTests.m */ = {isa = PBXFileReference; lastKnownFileType = sourcecode.c.objc; path = StackOverflowAppTests.m; sourceTree = "<group>"; };
		A0CED7012251AF6A0012B31C /* Info.plist */ = {isa = PBXFileReference; lastKnownFileType = text.plist.xml; path = Info.plist; sourceTree = "<group>"; };
		A0CED70A2251AFA90012B31C /* SOAPI.h */ = {isa = PBXFileReference; lastKnownFileType = sourcecode.c.h; path = SOAPI.h; sourceTree = "<group>"; };
		A0CED70B2251AFA90012B31C /* SOAPI.m */ = {isa = PBXFileReference; lastKnownFileType = sourcecode.c.objc; path = SOAPI.m; sourceTree = "<group>"; };
/* End PBXFileReference section */

/* Begin PBXFrameworksBuildPhase section */
		A0CED6E02251AF650012B31C /* Frameworks */ = {
			isa = PBXFrameworksBuildPhase;
			buildActionMask = 2147483647;
			files = (
				88F2CEEC5BF2998D8F878F92 /* libPods-StackOverflowApp.a in Frameworks */,
			);
			runOnlyForDeploymentPostprocessing = 0;
		};
		A0CED6F82251AF6A0012B31C /* Frameworks */ = {
			isa = PBXFrameworksBuildPhase;
			buildActionMask = 2147483647;
			files = (
				1280F049C7DC9AC9CF89C718 /* libPods-StackOverflowAppTests.a in Frameworks */,
			);
			runOnlyForDeploymentPostprocessing = 0;
		};
/* End PBXFrameworksBuildPhase section */

/* Begin PBXGroup section */
		97789338059963D3FD53EFF0 /* Pods */ = {
			isa = PBXGroup;
			children = (
				60429D6A95C4A6EEC9DA391D /* Pods-StackOverflowApp.debug.xcconfig */,
				9E4729398681768D12A96E52 /* Pods-StackOverflowApp.release.xcconfig */,
				2F5347656A2B4E82D04069B9 /* Pods-StackOverflowAppTests.debug.xcconfig */,
				3B500AE1AFEECF78221257B1 /* Pods-StackOverflowAppTests.release.xcconfig */,
			);
			name = Pods;
			sourceTree = "<group>";
		};
		A08EF28022528861001E64F8 /* Model */ = {
			isa = PBXGroup;
			children = (
				A08EF28122528886001E64F8 /* SOUser.h */,
				A08EF28222528886001E64F8 /* SOUser.m */,
				A08EF2B02252AE0A001E64F8 /* SOEditableField.h */,
				A08EF2B12252AE0A001E64F8 /* SOEditableField.m */,
			);
			path = Model;
			sourceTree = "<group>";
		};
		A08EF2912252A2DF001E64F8 /* UI */ = {
			isa = PBXGroup;
			children = (
				A0CED6EC2251AF650012B31C /* Main.storyboard */,
				A08EF2B322531386001E64F8 /* Categories */,
				A08EF2932252A32B001E64F8 /* Views */,
				A08EF2922252A2E5001E64F8 /* ViewControllers */,
			);
			path = UI;
			sourceTree = "<group>";
		};
		A08EF2922252A2E5001E64F8 /* ViewControllers */ = {
			isa = PBXGroup;
			children = (
				A08EF2842252932B001E64F8 /* SOUsersTableViewController.h */,
				A08EF2852252932B001E64F8 /* SOUsersTableViewController.m */,
				A08EF2972252A364001E64F8 /* SOAddUserViewController.h */,
				A08EF2982252A364001E64F8 /* SOAddUserViewController.m */,
			);
			path = ViewControllers;
			sourceTree = "<group>";
		};
		A08EF2932252A32B001E64F8 /* Views */ = {
			isa = PBXGroup;
			children = (
				A08EF28722529382001E64F8 /* SOUserTableViewCell.h */,
				A08EF28822529382001E64F8 /* SOUserTableViewCell.m */,
				A08EF28922529382001E64F8 /* SOUserTableViewCell.xib */,
				A08EF2A82252AA7B001E64F8 /* SOEditableFieldTableViewCell.h */,
				A08EF2A92252AA7B001E64F8 /* SOEditableFieldTableViewCell.m */,
				A08EF2AA2252AA7B001E64F8 /* SOEditableFieldTableViewCell.xib */,
			);
			path = Views;
			sourceTree = "<group>";
		};
		A08EF2B322531386001E64F8 /* Categories */ = {
			isa = PBXGroup;
			children = (
				A08EF2B722531577001E64F8 /* UIButton+Animations.h */,
				A08EF2B822531577001E64F8 /* UIButton+Animations.m */,
			);
			path = Categories;
			sourceTree = "<group>";
		};
		A08EF2BA225319A5001E64F8 /* Managers */ = {
			isa = PBXGroup;
			children = (
				A0CED70A2251AFA90012B31C /* SOAPI.h */,
				A0CED70B2251AFA90012B31C /* SOAPI.m */,
			);
			path = Managers;
			sourceTree = "<group>";
		};
		A0CED6DA2251AF650012B31C = {
			isa = PBXGroup;
			children = (
				A08EF2BB22531A3E001E64F8 /* Readme.md */,
				A0CED6E52251AF650012B31C /* StackOverflowApp */,
				A0CED6FE2251AF6A0012B31C /* StackOverflowAppTests */,
				A0CED6E42251AF650012B31C /* Products */,
				97789338059963D3FD53EFF0 /* Pods */,
				D8EBDBCCE1A898C1A4910C21 /* Frameworks */,
			);
			sourceTree = "<group>";
		};
		A0CED6E42251AF650012B31C /* Products */ = {
			isa = PBXGroup;
			children = (
				A0CED6E32251AF650012B31C /* StackOverflowApp.app */,
				A0CED6FB2251AF6A0012B31C /* StackOverflowAppTests.xctest */,
			);
			name = Products;
			sourceTree = "<group>";
		};
		A0CED6E52251AF650012B31C /* StackOverflowApp */ = {
			isa = PBXGroup;
			children = (
				A0CED6E62251AF650012B31C /* AppDelegate.h */,
				A0CED6E72251AF650012B31C /* AppDelegate.m */,
				A08EF2912252A2DF001E64F8 /* UI */,
				A08EF2BA225319A5001E64F8 /* Managers */,
				A08EF28022528861001E64F8 /* Model */,
				A0CED6EF2251AF690012B31C /* Assets.xcassets */,
				A0CED6F12251AF690012B31C /* LaunchScreen.storyboard */,
				A0CED6F42251AF690012B31C /* Info.plist */,
				A0CED6F52251AF690012B31C /* main.m */,
			);
			path = StackOverflowApp;
			sourceTree = "<group>";
		};
		A0CED6FE2251AF6A0012B31C /* StackOverflowAppTests */ = {
			isa = PBXGroup;
			children = (
				A0CED6FF2251AF6A0012B31C /* StackOverflowAppTests.m */,
				A0CED7012251AF6A0012B31C /* Info.plist */,
			);
			path = StackOverflowAppTests;
			sourceTree = "<group>";
		};
		D8EBDBCCE1A898C1A4910C21 /* Frameworks */ = {
			isa = PBXGroup;
			children = (
				0FE2B138A70B17F44F191D55 /* libPods-StackOverflowApp.a */,
				6A952CE6E0D20484A87C28B5 /* libPods-StackOverflowAppTests.a */,
			);
			name = Frameworks;
			sourceTree = "<group>";
		};
/* End PBXGroup section */

/* Begin PBXNativeTarget section */
		A0CED6E22251AF650012B31C /* StackOverflowApp */ = {
			isa = PBXNativeTarget;
			buildConfigurationList = A0CED7042251AF6A0012B31C /* Build configuration list for PBXNativeTarget "StackOverflowApp" */;
			buildPhases = (
				4B156E778EDFAF87519A2BA6 /* [CP] Check Pods Manifest.lock */,
				A0CED6DF2251AF650012B31C /* Sources */,
				A0CED6E02251AF650012B31C /* Frameworks */,
				A0CED6E12251AF650012B31C /* Resources */,
			);
			buildRules = (
			);
			dependencies = (
			);
			name = StackOverflowApp;
			productName = StackOverflowApp;
			productReference = A0CED6E32251AF650012B31C /* StackOverflowApp.app */;
			productType = "com.apple.product-type.application";
		};
		A0CED6FA2251AF6A0012B31C /* StackOverflowAppTests */ = {
			isa = PBXNativeTarget;
			buildConfigurationList = A0CED7072251AF6A0012B31C /* Build configuration list for PBXNativeTarget "StackOverflowAppTests" */;
			buildPhases = (
				9672D9A1A0C09B14C5E481D3 /* [CP] Check Pods Manifest.lock */,
				A0CED6F72251AF6A0012B31C /* Sources */,
				A0CED6F82251AF6A0012B31C /* Frameworks */,
				A0CED6F92251AF6A0012B31C /* Resources */,
			);
			buildRules = (
			);
			dependencies = (
				A0CED6FD2251AF6A0012B31C /* PBXTargetDependency */,
			);
			name = StackOverflowAppTests;
			productName = StackOverflowAppTests;
			productReference = A0CED6FB2251AF6A0012B31C /* StackOverflowAppTests.xctest */;
			productType = "com.apple.product-type.bundle.unit-test";
		};
/* End PBXNativeTarget section */

/* Begin PBXProject section */
		A0CED6DB2251AF650012B31C /* Project object */ = {
			isa = PBXProject;
			attributes = {
				LastUpgradeCheck = 1010;
				ORGANIZATIONNAME = Wheels;
				TargetAttributes = {
					A0CED6E22251AF650012B31C = {
						CreatedOnToolsVersion = 10.1;
					};
					A0CED6FA2251AF6A0012B31C = {
						CreatedOnToolsVersion = 10.1;
						TestTargetID = A0CED6E22251AF650012B31C;
					};
				};
			};
			buildConfigurationList = A0CED6DE2251AF650012B31C /* Build configuration list for PBXProject "StackOverflowApp" */;
			compatibilityVersion = "Xcode 9.3";
			developmentRegion = en;
			hasScannedForEncodings = 0;
			knownRegions = (
				en,
				Base,
			);
			mainGroup = A0CED6DA2251AF650012B31C;
			productRefGroup = A0CED6E42251AF650012B31C /* Products */;
			projectDirPath = "";
			projectRoot = "";
			targets = (
				A0CED6E22251AF650012B31C /* StackOverflowApp */,
				A0CED6FA2251AF6A0012B31C /* StackOverflowAppTests */,
			);
		};
/* End PBXProject section */

/* Begin PBXResourcesBuildPhase section */
		A0CED6E12251AF650012B31C /* Resources */ = {
			isa = PBXResourcesBuildPhase;
			buildActionMask = 2147483647;
			files = (
				A08EF28B22529382001E64F8 /* SOUserTableViewCell.xib in Resources */,
				A0CED6F32251AF690012B31C /* LaunchScreen.storyboard in Resources */,
				A08EF2BC22531A3E001E64F8 /* Readme.md in Resources */,
				A0CED6F02251AF690012B31C /* Assets.xcassets in Resources */,
				A0CED6EE2251AF650012B31C /* Main.storyboard in Resources */,
				A08EF2AC2252AA7B001E64F8 /* SOEditableFieldTableViewCell.xib in Resources */,
			);
			runOnlyForDeploymentPostprocessing = 0;
		};
		A0CED6F92251AF6A0012B31C /* Resources */ = {
			isa = PBXResourcesBuildPhase;
			buildActionMask = 2147483647;
			files = (
			);
			runOnlyForDeploymentPostprocessing = 0;
		};
/* End PBXResourcesBuildPhase section */

/* Begin PBXShellScriptBuildPhase section */
		4B156E778EDFAF87519A2BA6 /* [CP] Check Pods Manifest.lock */ = {
			isa = PBXShellScriptBuildPhase;
			buildActionMask = 2147483647;
			files = (
			);
			inputFileListPaths = (
			);
			inputPaths = (
				"${PODS_PODFILE_DIR_PATH}/Podfile.lock",
				"${PODS_ROOT}/Manifest.lock",
			);
			name = "[CP] Check Pods Manifest.lock";
			outputFileListPaths = (
			);
			outputPaths = (
				"$(DERIVED_FILE_DIR)/Pods-StackOverflowApp-checkManifestLockResult.txt",
			);
			runOnlyForDeploymentPostprocessing = 0;
			shellPath = /bin/sh;
			shellScript = "diff \"${PODS_PODFILE_DIR_PATH}/Podfile.lock\" \"${PODS_ROOT}/Manifest.lock\" > /dev/null\nif [ $? != 0 ] ; then\n    # print error to STDERR\n    echo \"error: The sandbox is not in sync with the Podfile.lock. Run 'pod install' or update your CocoaPods installation.\" >&2\n    exit 1\nfi\n# This output is used by Xcode 'outputs' to avoid re-running this script phase.\necho \"SUCCESS\" > \"${SCRIPT_OUTPUT_FILE_0}\"\n";
			showEnvVarsInLog = 0;
		};
		9672D9A1A0C09B14C5E481D3 /* [CP] Check Pods Manifest.lock */ = {
			isa = PBXShellScriptBuildPhase;
			buildActionMask = 2147483647;
			files = (
			);
			inputFileListPaths = (
			);
			inputPaths = (
				"${PODS_PODFILE_DIR_PATH}/Podfile.lock",
				"${PODS_ROOT}/Manifest.lock",
			);
			name = "[CP] Check Pods Manifest.lock";
			outputFileListPaths = (
			);
			outputPaths = (
				"$(DERIVED_FILE_DIR)/Pods-StackOverflowAppTests-checkManifestLockResult.txt",
			);
			runOnlyForDeploymentPostprocessing = 0;
			shellPath = /bin/sh;
			shellScript = "diff \"${PODS_PODFILE_DIR_PATH}/Podfile.lock\" \"${PODS_ROOT}/Manifest.lock\" > /dev/null\nif [ $? != 0 ] ; then\n    # print error to STDERR\n    echo \"error: The sandbox is not in sync with the Podfile.lock. Run 'pod install' or update your CocoaPods installation.\" >&2\n    exit 1\nfi\n# This output is used by Xcode 'outputs' to avoid re-running this script phase.\necho \"SUCCESS\" > \"${SCRIPT_OUTPUT_FILE_0}\"\n";
			showEnvVarsInLog = 0;
		};
/* End PBXShellScriptBuildPhase section */

/* Begin PBXSourcesBuildPhase section */
		A0CED6DF2251AF650012B31C /* Sources */ = {
			isa = PBXSourcesBuildPhase;
			buildActionMask = 2147483647;
			files = (
				A08EF2862252932B001E64F8 /* SOUsersTableViewController.m in Sources */,
				A0CED6F62251AF690012B31C /* main.m in Sources */,
				A0CED70C2251AFA90012B31C /* SOAPI.m in Sources */,
				A08EF2B922531577001E64F8 /* UIButton+Animations.m in Sources */,
				A0CED6E82251AF650012B31C /* AppDelegate.m in Sources */,
				A08EF2B22252AE0A001E64F8 /* SOEditableField.m in Sources */,
				A08EF2992252A364001E64F8 /* SOAddUserViewController.m in Sources */,
				A08EF28A22529382001E64F8 /* SOUserTableViewCell.m in Sources */,
				A08EF28322528886001E64F8 /* SOUser.m in Sources */,
				A08EF2AB2252AA7B001E64F8 /* SOEditableFieldTableViewCell.m in Sources */,
			);
			runOnlyForDeploymentPostprocessing = 0;
		};
		A0CED6F72251AF6A0012B31C /* Sources */ = {
			isa = PBXSourcesBuildPhase;
			buildActionMask = 2147483647;
			files = (
				A0CED7002251AF6A0012B31C /* StackOverflowAppTests.m in Sources */,
			);
			runOnlyForDeploymentPostprocessing = 0;
		};
/* End PBXSourcesBuildPhase section */

/* Begin PBXTargetDependency section */
		A0CED6FD2251AF6A0012B31C /* PBXTargetDependency */ = {
			isa = PBXTargetDependency;
			target = A0CED6E22251AF650012B31C /* StackOverflowApp */;
			targetProxy = A0CED6FC2251AF6A0012B31C /* PBXContainerItemProxy */;
		};
/* End PBXTargetDependency section */

/* Begin PBXVariantGroup section */
		A0CED6EC2251AF650012B31C /* Main.storyboard */ = {
			isa = PBXVariantGroup;
			children = (
				A0CED6ED2251AF650012B31C /* Base */,
			);
			name = Main.storyboard;
			sourceTree = "<group>";
		};
		A0CED6F12251AF690012B31C /* LaunchScreen.storyboard */ = {
			isa = PBXVariantGroup;
			children = (
				A0CED6F22251AF690012B31C /* Base */,
			);
			name = LaunchScreen.storyboard;
			sourceTree = "<group>";
		};
/* End PBXVariantGroup section */

/* Begin XCBuildConfiguration section */
		A0CED7022251AF6A0012B31C /* Debug */ = {
			isa = XCBuildConfiguration;
			buildSettings = {
				ALWAYS_SEARCH_USER_PATHS = NO;
				CLANG_ANALYZER_NONNULL = YES;
				CLANG_ANALYZER_NUMBER_OBJECT_CONVERSION = YES_AGGRESSIVE;
				CLANG_CXX_LANGUAGE_STANDARD = "gnu++14";
				CLANG_CXX_LIBRARY = "libc++";
				CLANG_ENABLE_MODULES = YES;
				CLANG_ENABLE_OBJC_ARC = YES;
				CLANG_ENABLE_OBJC_WEAK = YES;
				CLANG_WARN_BLOCK_CAPTURE_AUTORELEASING = YES;
				CLANG_WARN_BOOL_CONVERSION = YES;
				CLANG_WARN_COMMA = YES;
				CLANG_WARN_CONSTANT_CONVERSION = YES;
				CLANG_WARN_DEPRECATED_OBJC_IMPLEMENTATIONS = YES;
				CLANG_WARN_DIRECT_OBJC_ISA_USAGE = YES_ERROR;
				CLANG_WARN_DOCUMENTATION_COMMENTS = YES;
				CLANG_WARN_EMPTY_BODY = YES;
				CLANG_WARN_ENUM_CONVERSION = YES;
				CLANG_WARN_INFINITE_RECURSION = YES;
				CLANG_WARN_INT_CONVERSION = YES;
				CLANG_WARN_NON_LITERAL_NULL_CONVERSION = YES;
				CLANG_WARN_OBJC_IMPLICIT_RETAIN_SELF = YES;
				CLANG_WARN_OBJC_LITERAL_CONVERSION = YES;
				CLANG_WARN_OBJC_ROOT_CLASS = YES_ERROR;
				CLANG_WARN_RANGE_LOOP_ANALYSIS = YES;
				CLANG_WARN_STRICT_PROTOTYPES = YES;
				CLANG_WARN_SUSPICIOUS_MOVE = YES;
				CLANG_WARN_UNGUARDED_AVAILABILITY = YES_AGGRESSIVE;
				CLANG_WARN_UNREACHABLE_CODE = YES;
				CLANG_WARN__DUPLICATE_METHOD_MATCH = YES;
				CODE_SIGN_IDENTITY = "iPhone Developer";
				COPY_PHASE_STRIP = NO;
				DEBUG_INFORMATION_FORMAT = dwarf;
				ENABLE_STRICT_OBJC_MSGSEND = YES;
				ENABLE_TESTABILITY = YES;
				GCC_C_LANGUAGE_STANDARD = gnu11;
				GCC_DYNAMIC_NO_PIC = NO;
				GCC_NO_COMMON_BLOCKS = YES;
				GCC_OPTIMIZATION_LEVEL = 0;
				GCC_PREPROCESSOR_DEFINITIONS = (
					"DEBUG=1",
					"$(inherited)",
				);
				GCC_WARN_64_TO_32_BIT_CONVERSION = YES;
				GCC_WARN_ABOUT_RETURN_TYPE = YES_ERROR;
				GCC_WARN_UNDECLARED_SELECTOR = YES;
				GCC_WARN_UNINITIALIZED_AUTOS = YES_AGGRESSIVE;
				GCC_WARN_UNUSED_FUNCTION = YES;
				GCC_WARN_UNUSED_VARIABLE = YES;
				IPHONEOS_DEPLOYMENT_TARGET = 12.1;
				MTL_ENABLE_DEBUG_INFO = INCLUDE_SOURCE;
				MTL_FAST_MATH = YES;
				ONLY_ACTIVE_ARCH = YES;
				SDKROOT = iphoneos;
			};
			name = Debug;
		};
		A0CED7032251AF6A0012B31C /* Release */ = {
			isa = XCBuildConfiguration;
			buildSettings = {
				ALWAYS_SEARCH_USER_PATHS = NO;
				CLANG_ANALYZER_NONNULL = YES;
				CLANG_ANALYZER_NUMBER_OBJECT_CONVERSION = YES_AGGRESSIVE;
				CLANG_CXX_LANGUAGE_STANDARD = "gnu++14";
				CLANG_CXX_LIBRARY = "libc++";
				CLANG_ENABLE_MODULES = YES;
				CLANG_ENABLE_OBJC_ARC = YES;
				CLANG_ENABLE_OBJC_WEAK = YES;
				CLANG_WARN_BLOCK_CAPTURE_AUTORELEASING = YES;
				CLANG_WARN_BOOL_CONVERSION = YES;
				CLANG_WARN_COMMA = YES;
				CLANG_WARN_CONSTANT_CONVERSION = YES;
				CLANG_WARN_DEPRECATED_OBJC_IMPLEMENTATIONS = YES;
				CLANG_WARN_DIRECT_OBJC_ISA_USAGE = YES_ERROR;
				CLANG_WARN_DOCUMENTATION_COMMENTS = YES;
				CLANG_WARN_EMPTY_BODY = YES;
				CLANG_WARN_ENUM_CONVERSION = YES;
				CLANG_WARN_INFINITE_RECURSION = YES;
				CLANG_WARN_INT_CONVERSION = YES;
				CLANG_WARN_NON_LITERAL_NULL_CONVERSION = YES;
				CLANG_WARN_OBJC_IMPLICIT_RETAIN_SELF = YES;
				CLANG_WARN_OBJC_LITERAL_CONVERSION = YES;
				CLANG_WARN_OBJC_ROOT_CLASS = YES_ERROR;
				CLANG_WARN_RANGE_LOOP_ANALYSIS = YES;
				CLANG_WARN_STRICT_PROTOTYPES = YES;
				CLANG_WARN_SUSPICIOUS_MOVE = YES;
				CLANG_WARN_UNGUARDED_AVAILABILITY = YES_AGGRESSIVE;
				CLANG_WARN_UNREACHABLE_CODE = YES;
				CLANG_WARN__DUPLICATE_METHOD_MATCH = YES;
				CODE_SIGN_IDENTITY = "iPhone Developer";
				COPY_PHASE_STRIP = NO;
				DEBUG_INFORMATION_FORMAT = "dwarf-with-dsym";
				ENABLE_NS_ASSERTIONS = NO;
				ENABLE_STRICT_OBJC_MSGSEND = YES;
				GCC_C_LANGUAGE_STANDARD = gnu11;
				GCC_NO_COMMON_BLOCKS = YES;
				GCC_WARN_64_TO_32_BIT_CONVERSION = YES;
				GCC_WARN_ABOUT_RETURN_TYPE = YES_ERROR;
				GCC_WARN_UNDECLARED_SELECTOR = YES;
				GCC_WARN_UNINITIALIZED_AUTOS = YES_AGGRESSIVE;
				GCC_WARN_UNUSED_FUNCTION = YES;
				GCC_WARN_UNUSED_VARIABLE = YES;
				IPHONEOS_DEPLOYMENT_TARGET = 12.1;
				MTL_ENABLE_DEBUG_INFO = NO;
				MTL_FAST_MATH = YES;
				SDKROOT = iphoneos;
				VALIDATE_PRODUCT = YES;
			};
			name = Release;
		};
		A0CED7052251AF6A0012B31C /* Debug */ = {
			isa = XCBuildConfiguration;
			baseConfigurationReference = 60429D6A95C4A6EEC9DA391D /* Pods-StackOverflowApp.debug.xcconfig */;
			buildSettings = {
				ASSETCATALOG_COMPILER_APPICON_NAME = AppIcon;
				CODE_SIGN_STYLE = Automatic;
				DEVELOPMENT_TEAM = 9WP8GZCAVX;
				INFOPLIST_FILE = StackOverflowApp/Info.plist;
				IPHONEOS_DEPLOYMENT_TARGET = 10.0;
				LD_RUNPATH_SEARCH_PATHS = (
					"$(inherited)",
					"@executable_path/Frameworks",
				);
				PRODUCT_BUNDLE_IDENTIFIER = Wheels.StackOverflowApp;
				PRODUCT_NAME = "$(TARGET_NAME)";
				TARGETED_DEVICE_FAMILY = "1,2";
			};
			name = Debug;
		};
		A0CED7062251AF6A0012B31C /* Release */ = {
			isa = XCBuildConfiguration;
			baseConfigurationReference = 9E4729398681768D12A96E52 /* Pods-StackOverflowApp.release.xcconfig */;
			buildSettings = {
				ASSETCATALOG_COMPILER_APPICON_NAME = AppIcon;
				CODE_SIGN_STYLE = Automatic;
				DEVELOPMENT_TEAM = 9WP8GZCAVX;
				INFOPLIST_FILE = StackOverflowApp/Info.plist;
				IPHONEOS_DEPLOYMENT_TARGET = 10.0;
				LD_RUNPATH_SEARCH_PATHS = (
					"$(inherited)",
					"@executable_path/Frameworks",
				);
				PRODUCT_BUNDLE_IDENTIFIER = Wheels.StackOverflowApp;
				PRODUCT_NAME = "$(TARGET_NAME)";
				TARGETED_DEVICE_FAMILY = "1,2";
			};
			name = Release;
		};
		A0CED7082251AF6A0012B31C /* Debug */ = {
			isa = XCBuildConfiguration;
			baseConfigurationReference = 2F5347656A2B4E82D04069B9 /* Pods-StackOverflowAppTests.debug.xcconfig */;
			buildSettings = {
				BUNDLE_LOADER = "$(TEST_HOST)";
				CODE_SIGN_STYLE = Automatic;
				DEVELOPMENT_TEAM = 9WP8GZCAVX;
				INFOPLIST_FILE = StackOverflowAppTests/Info.plist;
				LD_RUNPATH_SEARCH_PATHS = (
					"$(inherited)",
					"@executable_path/Frameworks",
					"@loader_path/Frameworks",
				);
				PRODUCT_BUNDLE_IDENTIFIER = Wheels.StackOverflowAppTests;
				PRODUCT_NAME = "$(TARGET_NAME)";
				TARGETED_DEVICE_FAMILY = "1,2";
				TEST_HOST = "$(BUILT_PRODUCTS_DIR)/StackOverflowApp.app/StackOverflowApp";
			};
			name = Debug;
		};
		A0CED7092251AF6A0012B31C /* Release */ = {
			isa = XCBuildConfiguration;
			baseConfigurationReference = 3B500AE1AFEECF78221257B1 /* Pods-StackOverflowAppTests.release.xcconfig */;
			buildSettings = {
				BUNDLE_LOADER = "$(TEST_HOST)";
				CODE_SIGN_STYLE = Automatic;
				DEVELOPMENT_TEAM = 9WP8GZCAVX;
				INFOPLIST_FILE = StackOverflowAppTests/Info.plist;
				LD_RUNPATH_SEARCH_PATHS = (
					"$(inherited)",
					"@executable_path/Frameworks",
					"@loader_path/Frameworks",
				);
				PRODUCT_BUNDLE_IDENTIFIER = Wheels.StackOverflowAppTests;
				PRODUCT_NAME = "$(TARGET_NAME)";
				TARGETED_DEVICE_FAMILY = "1,2";
				TEST_HOST = "$(BUILT_PRODUCTS_DIR)/StackOverflowApp.app/StackOverflowApp";
			};
			name = Release;
		};
/* End XCBuildConfiguration section */

/* Begin XCConfigurationList section */
		A0CED6DE2251AF650012B31C /* Build configuration list for PBXProject "StackOverflowApp" */ = {
			isa = XCConfigurationList;
			buildConfigurations = (
				A0CED7022251AF6A0012B31C /* Debug */,
				A0CED7032251AF6A0012B31C /* Release */,
			);
			defaultConfigurationIsVisible = 0;
			defaultConfigurationName = Release;
		};
		A0CED7042251AF6A0012B31C /* Build configuration list for PBXNativeTarget "StackOverflowApp" */ = {
			isa = XCConfigurationList;
			buildConfigurations = (
				A0CED7052251AF6A0012B31C /* Debug */,
				A0CED7062251AF6A0012B31C /* Release */,
			);
			defaultConfigurationIsVisible = 0;
			defaultConfigurationName = Release;
		};
		A0CED7072251AF6A0012B31C /* Build configuration list for PBXNativeTarget "StackOverflowAppTests" */ = {
			isa = XCConfigurationList;
			buildConfigurations = (
				A0CED7082251AF6A0012B31C /* Debug */,
				A0CED7092251AF6A0012B31C /* Release */,
			);
			defaultConfigurationIsVisible = 0;
			defaultConfigurationName = Release;
		};
/* End XCConfigurationList section */
	};
	rootObject = A0CED6DB2251AF650012B31C /* Project object */;
}
